
Microsoft Visual Studio Solution File, Format Version 12.00
# Visual Studio Version 16
VisualStudioVersion = 16.0.30413.136
MinimumVisualStudioVersion = 10.0.40219.1
Project("{FAE04EC0-301F-11D3-BF4B-00C04F79EFBC}") = "TaskParallelLibExample", "TaskParallelLibExample\TaskParallelLibExample.csproj", "{E8DF3ED5-65C2-4EAA-9549-B0EAAE910500}"
EndProject
Global
	GlobalSection(SolutionConfigurationPlatforms) = preSolution
		Debug|Any CPU = Debug|Any CPU
		Release|Any CPU = Release|Any CPU
	EndGlobalSection
	GlobalSection(ProjectConfigurationPlatforms) = postSolution
		{E8DF3ED5-65C2-4EAA-9549-B0EAAE910500}.Debug|Any CPU.ActiveCfg = Debug|Any CPU
		{E8DF3ED5-65C2-4EAA-9549-B0EAAE910500}.Debug|Any CPU.Build.0 = Debug|Any CPU
		{E8DF3ED5-65C2-4EAA-9549-B0EAAE910500}.Release|Any CPU.ActiveCfg = Release|Any CPU
		{E8DF3ED5-65C2-4EAA-9549-B0EAAE910500}.Release|Any CPU.Build.0 = Release|Any CPU
	EndGlobalSection
	GlobalSection(SolutionProperties) = preSolution
		HideSolutionNode = FALSE
	EndGlobalSection
	GlobalSection(ExtensibilityGlobals) = postSolution
		SolutionGuid = {1033A0B8-A193-4C5E-B535-CCA804D05F6A}
	EndGlobalSection
EndGlobal
